// !$*UTF8*$!
{
	archiveVersion = 1;
	classes = {
	};
	objectVersion = 50;
	objects = {

/* Begin PBXBuildFile section */
		ACB0A7D521651E80009B766C /* AppDelegate.swift in Sources */ = {isa = PBXBuildFile; fileRef = ACB0A7D421651E80009B766C /* AppDelegate.swift */; };
		ACB0A7D721651E80009B766C /* ViewController.swift in Sources */ = {isa = PBXBuildFile; fileRef = ACB0A7D621651E80009B766C /* ViewController.swift */; };
		ACB0A7DA21651E80009B766C /* Main.storyboard in Resources */ = {isa = PBXBuildFile; fileRef = ACB0A7D821651E80009B766C /* Main.storyboard */; };
		ACB0A7DC21651E86009B766C /* Assets.xcassets in Resources */ = {isa = PBXBuildFile; fileRef = ACB0A7DB21651E86009B766C /* Assets.xcassets */; };
		ACB0A7DF21651E86009B766C /* LaunchScreen.storyboard in Resources */ = {isa = PBXBuildFile; fileRef = ACB0A7DD21651E86009B766C /* LaunchScreen.storyboard */; };
		ACB0A7E8216521F5009B766C /* beach-fruit-ocean-47454.jpg in Resources */ = {isa = PBXBuildFile; fileRef = ACB0A7E7216521F5009B766C /* beach-fruit-ocean-47454.jpg */; };
/* End PBXBuildFile section */

/* Begin PBXFileReference section */
		ACB0A7D121651E80009B766C /* CenturyWant.app */ = {isa = PBXFileReference; explicitFileType = wrapper.application; includeInIndex = 0; path = CenturyWant.app; sourceTree = BUILT_PRODUCTS_DIR; };
		ACB0A7D421651E80009B766C /* AppDelegate.swift */ = {isa = PBXFileReference; lastKnownFileType = sourcecode.swift; path = AppDelegate.swift; sourceTree = "<group>"; };
		ACB0A7D621651E80009B766C /* ViewController.swift */ = {isa = PBXFileReference; lastKnownFileType = sourcecode.swift; path = ViewController.swift; sourceTree = "<group>"; };
		ACB0A7D921651E80009B766C /* Base */ = {isa = PBXFileReference; lastKnownFileType = file.storyboard; name = Base; path = Base.lproj/Main.storyboard; sourceTree = "<group>"; };
		ACB0A7DB21651E86009B766C /* Assets.xcassets */ = {isa = PBXFileReference; lastKnownFileType = folder.assetcatalog; path = Assets.xcassets; sourceTree = "<group>"; };
		ACB0A7DE21651E86009B766C /* Base */ = {isa = PBXFileReference; lastKnownFileType = file.storyboard; name = Base; path = Base.lproj/LaunchScreen.storyboard; sourceTree = "<group>"; };
		ACB0A7E021651E86009B766C /* Info.plist */ = {isa = PBXFileReference; lastKnownFileType = text.plist.xml; path = Info.plist; sourceTree = "<group>"; };
		ACB0A7E7216521F5009B766C /* beach-fruit-ocean-47454.jpg */ = {isa = PBXFileReference; lastKnownFileType = image.jpeg; name = "beach-fruit-ocean-47454.jpg"; path = "../../../beach-fruit-ocean-47454.jpg"; sourceTree = "<group>"; };
/* End PBXFileReference section */

/* Begin PBXFrameworksBuildPhase section */
		ACB0A7CE21651E80009B766C /* Frameworks */ = {
			isa = PBXFrameworksBuildPhase;
			buildActionMask = 2147483647;
			files = (
			);
			runOnlyForDeploymentPostprocessing = 0;
		};
/* End PBXFrameworksBuildPhase section */

/* Begin PBXGroup section */
		ACB0A7C821651E80009B766C = {
			isa = PBXGroup;
			children = (
				ACB0A7E6216521DC009B766C /* New Group */,
				ACB0A7D321651E80009B766C /* CenturyWant */,
				ACB0A7D221651E80009B766C /* Products */,
			);
			sourceTree = "<group>";
		};
		ACB0A7D221651E80009B766C /* Products */ = {
			isa = PBXGroup;
			children = (
				ACB0A7D121651E80009B766C /* CenturyWant.app */,
			);
			name = Products;
			sourceTree = "<group>";
		};
		ACB0A7D321651E80009B766C /* CenturyWant */ = {
			isa = PBXGroup;
			children = (
				ACB0A7D421651E80009B766C /* AppDelegate.swift */,
				ACB0A7D621651E80009B766C /* ViewController.swift */,
				ACB0A7D821651E80009B766C /* Main.storyboard */,
				ACB0A7DB21651E86009B766C /* Assets.xcassets */,
				ACB0A7DD21651E86009B766C /* LaunchScreen.storyboard */,
				ACB0A7E021651E86009B766C /* Info.plist */,
			);
			path = CenturyWant;
			sourceTree = "<group>";
		};
		ACB0A7E6216521DC009B766C /* New Group */ = {
			isa = PBXGroup;
			children = (
				ACB0A7E7216521F5009B766C /* beach-fruit-ocean-47454.jpg */,
			);
			path = "New Group";
			sourceTree = "<group>";
		};
/* End PBXGroup section */

/* Begin PBXNativeTarget section */
		ACB0A7D021651E80009B766C /* CenturyWant */ = {
			isa = PBXNativeTarget;
			buildConfigurationList = ACB0A7E321651E86009B766C /* Build configuration list for PBXNativeTarget "CenturyWant" */;
			buildPhases = (
				ACB0A7CD21651E80009B766C /* Sources */,
				ACB0A7CE21651E80009B766C /* Frameworks */,
				ACB0A7CF21651E80009B766C /* Resources */,
			);
			buildRules = (
			);
			dependencies = (
			);
			name = CenturyWant;
			productName = CenturyWant;
			productReference = ACB0A7D121651E80009B766C /* CenturyWant.app */;
			productType = "com.apple.product-type.application";
		};
/* End PBXNativeTarget section */

/* Begin PBXProject section */
		ACB0A7C921651E80009B766C /* Project object */ = {
			isa = PBXProject;
			attributes = {
				LastSwiftUpdateCheck = 0940;
				LastUpgradeCheck = 0940;
				ORGANIZATIONNAME = "samir omarov";
				TargetAttributes = {
					ACB0A7D021651E80009B766C = {
						CreatedOnToolsVersion = 9.4.1;
					};
				};
			};
			buildConfigurationList = ACB0A7CC21651E80009B766C /* Build configuration list for PBXProject "CenturyWant" */;
			compatibilityVersion = "Xcode 9.3";
			developmentRegion = en;
			hasScannedForEncodings = 0;
			knownRegions = (
				en,
				Base,
			);
			mainGroup = ACB0A7C821651E80009B766C;
			productRefGroup = ACB0A7D221651E80009B766C /* Products */;
			projectDirPath = "";
			projectRoot = "";
			targets = (
				ACB0A7D021651E80009B766C /* CenturyWant */,
			);
		};
/* End PBXProject section */

/* Begin PBXResourcesBuildPhase section */
		ACB0A7CF21651E80009B766C /* Resources */ = {
			isa = PBXResourcesBuildPhase;
			buildActionMask = 2147483647;
			files = (
				ACB0A7E8216521F5009B766C /* beach-fruit-ocean-47454.jpg in Resources */,
				ACB0A7DF21651E86009B766C /* LaunchScreen.storyboard in Resources */,
				ACB0A7DC21651E86009B766C /* Assets.xcassets in Resources */,
				ACB0A7DA21651E80009B766C /* Main.storyboard in Resources */,
			);
			runOnlyForDeploymentPostprocessing = 0;
		};
/* End PBXResourcesBuildPhase section */

/* Begin PBXSourcesBuildPhase section */
		ACB0A7CD21651E80009B766C /* Sources */ = {
			isa = PBXSourcesBuildPhase;
			buildActionMask = 2147483647;
			files = (
				ACB0A7D721651E80009B766C /* ViewController.swift in Sources */,
				ACB0A7D521651E80009B766C /* AppDelegate.swift in Sources */,
			);
			runOnlyForDeploymentPostprocessing = 0;
		};
/* End PBXSourcesBuildPhase section */

/* Begin PBXVariantGroup section */
		ACB0A7D821651E80009B766C /* Main.storyboard */ = {
			isa = PBXVariantGroup;
			children = (
				ACB0A7D921651E80009B766C /* Base */,
			);
			name = Main.storyboard;
			sourceTree = "<group>";
		};
		ACB0A7DD21651E86009B766C /* LaunchScreen.storyboard */ = {
			isa = PBXVariantGroup;
			children = (
				ACB0A7DE21651E86009B766C /* Base */,
			);
			name = LaunchScreen.storyboard;
			sourceTree = "<group>";
		};
/* End PBXVariantGroup section */

/* Begin XCBuildConfiguration section */
		ACB0A7E121651E86009B766C /* Debug */ = {
			isa = XCBuildConfiguration;
			buildSettings = {
				ALWAYS_SEARCH_USER_PATHS = NO;
				CLANG_ANALYZER_NONNULL = YES;
				CLANG_ANALYZER_NUMBER_OBJECT_CONVERSION = YES_AGGRESSIVE;
				CLANG_CXX_LANGUAGE_STANDARD = "gnu++14";
				CLANG_CXX_LIBRARY = "libc++";
				CLANG_ENABLE_MODULES = YES;
				CLANG_ENABLE_OBJC_ARC = YES;
				CLANG_ENABLE_OBJC_WEAK = YES;
				CLANG_WARN_BLOCK_CAPTURE_AUTORELEASING = YES;
				CLANG_WARN_BOOL_CONVERSION = YES;
				CLANG_WARN_COMMA = YES;
				CLANG_WARN_CONSTANT_CONVERSION = YES;
				CLANG_WARN_DEPRECATED_OBJC_IMPLEMENTATIONS = YES;
				CLANG_WARN_DIRECT_OBJC_ISA_USAGE = YES_ERROR;
				CLANG_WARN_DOCUMENTATION_COMMENTS = YES;
				CLANG_WARN_EMPTY_BODY = YES;
				CLANG_WARN_ENUM_CONVERSION = YES;
				CLANG_WARN_INFINITE_RECURSION = YES;
				CLANG_WARN_INT_CONVERSION = YES;
				CLANG_WARN_NON_LITERAL_NULL_CONVERSION = YES;
				CLANG_WARN_OBJC_IMPLICIT_RETAIN_SELF = YES;
				CLANG_WARN_OBJC_LITERAL_CONVERSION = YES;
				CLANG_WARN_OBJC_ROOT_CLASS = YES_ERROR;
				CLANG_WARN_RANGE_LOOP_ANALYSIS = YES;
				CLANG_WARN_STRICT_PROTOTYPES = YES;
				CLANG_WARN_SUSPICIOUS_MOVE = YES;
				CLANG_WARN_UNGUARDED_AVAILABILITY = YES_AGGRESSIVE;
				CLANG_WARN_UNREACHABLE_CODE = YES;
				CLANG_WARN__DUPLICATE_METHOD_MATCH = YES;
				CODE_SIGN_IDENTITY = "iPhone Developer";
				COPY_PHASE_STRIP = NO;
				DEBUG_INFORMATION_FORMAT = dwarf;
				ENABLE_STRICT_OBJC_MSGSEND = YES;
				ENABLE_TESTABILITY = YES;
				GCC_C_LANGUAGE_STANDARD = gnu11;
				GCC_DYNAMIC_NO_PIC = NO;
				GCC_NO_COMMON_BLOCKS = YES;
				GCC_OPTIMIZATION_LEVEL = 0;
				GCC_PREPROCESSOR_DEFINITIONS = (
					"DEBUG=1",
					"$(inherited)",
				);
				GCC_WARN_64_TO_32_BIT_CONVERSION = YES;
				GCC_WARN_ABOUT_RETURN_TYPE = YES_ERROR;
				GCC_WARN_UNDECLARED_SELECTOR = YES;
				GCC_WARN_UNINITIALIZED_AUTOS = YES_AGGRESSIVE;
				GCC_WARN_UNUSED_FUNCTION = YES;
				GCC_WARN_UNUSED_VARIABLE = YES;
				IPHONEOS_DEPLOYMENT_TARGET = 11.4;
				MTL_ENABLE_DEBUG_INFO = YES;
				ONLY_ACTIVE_ARCH = YES;
				SDKROOT = iphoneos;
				SWIFT_ACTIVE_COMPILATION_CONDITIONS = DEBUG;
				SWIFT_OPTIMIZATION_LEVEL = "-Onone";
			};
			name = Debug;
		};
		ACB0A7E221651E86009B766C /* Release */ = {
			isa = XCBuildConfiguration;
			buildSettings = {
				ALWAYS_SEARCH_USER_PATHS = NO;
				CLANG_ANALYZER_NONNULL = YES;
				CLANG_ANALYZER_NUMBER_OBJECT_CONVERSION = YES_AGGRESSIVE;
				CLANG_CXX_LANGUAGE_STANDARD = "gnu++14";
				CLANG_CXX_LIBRARY = "libc++";
				CLANG_ENABLE_MODULES = YES;
				CLANG_ENABLE_OBJC_ARC = YES;
				CLANG_ENABLE_OBJC_WEAK = YES;
				CLANG_WARN_BLOCK_CAPTURE_AUTORELEASING = YES;
				CLANG_WARN_BOOL_CONVERSION = YES;
				CLANG_WARN_COMMA = YES;
				CLANG_WARN_CONSTANT_CONVERSION = YES;
				CLANG_WARN_DEPRECATED_OBJC_IMPLEMENTATIONS = YES;
				CLANG_WARN_DIRECT_OBJC_ISA_USAGE = YES_ERROR;
				CLANG_WARN_DOCUMENTATION_COMMENTS = YES;
				CLANG_WARN_EMPTY_BODY = YES;
				CLANG_WARN_ENUM_CONVERSION = YES;
				CLANG_WARN_INFINITE_RECURSION = YES;
				CLANG_WARN_INT_CONVERSION = YES;
				CLANG_WARN_NON_LITERAL_NULL_CONVERSION = YES;
				CLANG_WARN_OBJC_IMPLICIT_RETAIN_SELF = YES;
				CLANG_WARN_OBJC_LITERAL_CONVERSION = YES;
				CLANG_WARN_OBJC_ROOT_CLASS = YES_ERROR;
				CLANG_WARN_RANGE_LOOP_ANALYSIS = YES;
				CLANG_WARN_STRICT_PROTOTYPES = YES;
				CLANG_WARN_SUSPICIOUS_MOVE = YES;
				CLANG_WARN_UNGUARDED_AVAILABILITY = YES_AGGRESSIVE;
				CLANG_WARN_UNREACHABLE_CODE = YES;
				CLANG_WARN__DUPLICATE_METHOD_MATCH = YES;
				CODE_SIGN_IDENTITY = "iPhone Developer";
				COPY_PHASE_STRIP = NO;
				DEBUG_INFORMATION_FORMAT = "dwarf-with-dsym";
				ENABLE_NS_ASSERTIONS = NO;
				ENABLE_STRICT_OBJC_MSGSEND = YES;
				GCC_C_LANGUAGE_STANDARD = gnu11;
				GCC_NO_COMMON_BLOCKS = YES;
				GCC_WARN_64_TO_32_BIT_CONVERSION = YES;
				GCC_WARN_ABOUT_RETURN_TYPE = YES_ERROR;
				GCC_WARN_UNDECLARED_SELECTOR = YES;
				GCC_WARN_UNINITIALIZED_AUTOS = YES_AGGRESSIVE;
				GCC_WARN_UNUSED_FUNCTION = YES;
				GCC_WARN_UNUSED_VARIABLE = YES;
				IPHONEOS_DEPLOYMENT_TARGET = 11.4;
				MTL_ENABLE_DEBUG_INFO = NO;
				SDKROOT = iphoneos;
				SWIFT_COMPILATION_MODE = wholemodule;
				SWIFT_OPTIMIZATION_LEVEL = "-O";
				VALIDATE_PRODUCT = YES;
			};
			name = Release;
		};
		ACB0A7E421651E86009B766C /* Debug */ = {
			isa = XCBuildConfiguration;
			buildSettings = {
				ASSETCATALOG_COMPILER_APPICON_NAME = AppIcon;
				CODE_SIGN_STYLE = Automatic;
				DEVELOPMENT_TEAM = GY6BQSK9M6;
				INFOPLIST_FILE = CenturyWant/Info.plist;
				LD_RUNPATH_SEARCH_PATHS = (
					"$(inherited)",
					"@executable_path/Frameworks",
				);
				PRODUCT_BUNDLE_IDENTIFIER = Nium.CenturyWant;
				PRODUCT_NAME = "$(TARGET_NAME)";
				SWIFT_VERSION = 4.0;
				TARGETED_DEVICE_FAMILY = "1,2";
			};
			name = Debug;
		};
		ACB0A7E521651E86009B766C /* Release */ = {
			isa = XCBuildConfiguration;
			buildSettings = {
				ASSETCATALOG_COMPILER_APPICON_NAME = AppIcon;
				CODE_SIGN_STYLE = Automatic;
				DEVELOPMENT_TEAM = GY6BQSK9M6;
				INFOPLIST_FILE = CenturyWant/Info.plist;
				LD_RUNPATH_SEARCH_PATHS = (
					"$(inherited)",
					"@executable_path/Frameworks",
				);
				PRODUCT_BUNDLE_IDENTIFIER = Nium.CenturyWant;
				PRODUCT_NAME = "$(TARGET_NAME)";
				SWIFT_VERSION = 4.0;
				TARGETED_DEVICE_FAMILY = "1,2";
			};
			name = Release;
		};
/* End XCBuildConfiguration section */

/* Begin XCConfigurationList section */
		ACB0A7CC21651E80009B766C /* Build configuration list for PBXProject "CenturyWant" */ = {
			isa = XCConfigurationList;
			buildConfigurations = (
				ACB0A7E121651E86009B766C /* Debug */,
				ACB0A7E221651E86009B766C /* Release */,
			);
			defaultConfigurationIsVisible = 0;
			defaultConfigurationName = Release;
		};
		ACB0A7E321651E86009B766C /* Build configuration list for PBXNativeTarget "CenturyWant" */ = {
			isa = XCConfigurationList;
			buildConfigurations = (
				ACB0A7E421651E86009B766C /* Debug */,
				ACB0A7E521651E86009B766C /* Release */,
			);
			defaultConfigurationIsVisible = 0;
			defaultConfigurationName = Release;
		};
/* End XCConfigurationList section */
	};
	rootObject = ACB0A7C921651E80009B766C /* Project object */;
}
